{
  "version": 4,
  "terraform_version": "1.2.4",
  "serial": 55,
  "lineage": "a7ed3d5b-aea1-6478-227c-92aa40276cb5",
  "outputs": {},
  "resources": [
    {
      "mode": "managed",
      "type": "local_file",
      "name": "profile-random",
      "provider": "provider[\"registry.terraform.io/hashicorp/local\"]",
      "instances": [
        {
          "schema_version": 0,
          "attributes": {
            "content": "possibly-miserably-formerly-gradually-yearly-basically-welcomed-shepherd",
            "content_base64": null,
            "directory_permission": "0777",
            "file_permission": "0770",
            "filename": "./data/profile-random.txt",
            "id": "49c68a1197bc6ecd6cd196401e15be4b9af15d87",
            "sensitive_content": null,
            "source": null
          },
          "sensitive_attributes": [],
          "private": "bnVsbA==",
          "dependencies": [
            "random_pet.randomName"
          ]
        }
      ]
    },
    {
      "mode": "managed",
      "type": "local_file",
      "name": "profile_as_list",
      "provider": "provider[\"registry.terraform.io/hashicorp/local\"]",
      "instances": [
        {
          "schema_version": 0,
          "attributes": {
            "content": "Mr Julien VANHECKE 1 Dev",
            "content_base64": null,
            "directory_permission": "0777",
            "file_permission": "0770",
            "filename": "./data/profile-as-list.txt",
            "id": "bf0999212ffb6fb287e114241f97c9cd76767e6a",
            "sensitive_content": null,
            "source": null
          },
          "sensitive_attributes": [],
          "private": "bnVsbA=="
        }
      ]
    },
    {
      "mode": "managed",
      "type": "local_file",
      "name": "profile_input",
      "provider": "provider[\"registry.terraform.io/hashicorp/local\"]",
      "instances": [
        {
          "schema_version": 0,
          "attributes": {
            "content": "j",
            "content_base64": null,
            "directory_permission": "0777",
            "file_permission": "0770",
            "filename": "./data/profile-input.txt",
            "id": "5c2dd944dde9e08881bef0894fe7b22a5c9c4b06",
            "sensitive_content": null,
            "source": null
          },
          "sensitive_attributes": [],
          "private": "bnVsbA=="
        }
      ]
    },
    {
      "mode": "managed",
      "type": "local_file",
      "name": "useridentity",
      "provider": "provider[\"registry.terraform.io/hashicorp/local\"]",
      "instances": [
        {
          "schema_version": 0,
          "attributes": {
            "content": "Julien Vanhecke",
            "content_base64": null,
            "directory_permission": "0777",
            "file_permission": "0770",
            "filename": "./data/user.txt",
            "id": "3e6cfb31dfa076fc50c3d3ad450ac3f2b426c454",
            "sensitive_content": null,
            "source": null
          },
          "sensitive_attributes": [],
          "private": "bnVsbA=="
        }
      ]
    },
    {
      "mode": "managed",
      "type": "local_file",
      "name": "userlist",
      "provider": "provider[\"registry.terraform.io/hashicorp/local\"]",
      "instances": [
        {
          "schema_version": 0,
          "attributes": {
            "content": "M Julien Vanhecke a exp1 en dom1",
            "content_base64": null,
            "directory_permission": "0777",
            "file_permission": "0770",
            "filename": "./data/userlist.txt",
            "id": "204127b73cc20fd50b70fe6d87a140738c15e12d",
            "sensitive_content": null,
            "source": null
          },
          "sensitive_attributes": [],
          "private": "bnVsbA=="
        }
      ]
    },
    {
      "mode": "managed",
      "type": "local_file",
      "name": "usermap",
      "provider": "provider[\"registry.terraform.io/hashicorp/local\"]",
      "instances": [
        {
          "schema_version": 0,
          "attributes": {
            "content": "M Julien Vanhecke a exp1 en dom1",
            "content_base64": null,
            "directory_permission": "0777",
            "file_permission": "0770",
            "filename": "./data/usermap.txt",
            "id": "204127b73cc20fd50b70fe6d87a140738c15e12d",
            "sensitive_content": null,
            "source": null
          },
          "sensitive_attributes": [],
          "private": "bnVsbA=="
        }
      ]
    },
    {
      "mode": "managed",
      "type": "local_file",
      "name": "userobj",
      "provider": "provider[\"registry.terraform.io/hashicorp/local\"]",
      "instances": [
        {
          "schema_version": 0,
          "attributes": {
            "content": "M Vanhecke Julien a exp1 en dom1",
            "content_base64": null,
            "directory_permission": "0777",
            "file_permission": "0770",
            "filename": "./data/userobj.txt",
            "id": "b6ebc5c0ddd8b0ae23778421d429ed16794a95d5",
            "sensitive_content": null,
            "source": null
          },
          "sensitive_attributes": [],
          "private": "bnVsbA=="
        }
      ]
    },
    {
      "mode": "managed",
      "type": "local_file",
      "name": "usertuple",
      "provider": "provider[\"registry.terraform.io/hashicorp/local\"]",
      "instances": [
        {
          "schema_version": 0,
          "attributes": {
            "content": "M Julien Vanhecke a exp3 en dom1",
            "content_base64": null,
            "directory_permission": "0777",
            "file_permission": "0770",
            "filename": "./data/usertuple.txt",
            "id": "55b408817bc5270d28118f7ee5498d100bb91ca5",
            "sensitive_content": null,
            "source": null
          },
          "sensitive_attributes": [],
          "private": "bnVsbA=="
        }
      ]
    },
    {
      "mode": "managed",
      "type": "local_file",
      "name": "var_fichier",
      "provider": "provider[\"registry.terraform.io/hashicorp/local\"]",
      "instances": [
        {
          "schema_version": 0,
          "attributes": {
            "content": "Julien Vanhecke 1 Dev",
            "content_base64": null,
            "directory_permission": "0777",
            "file_permission": "0770",
            "filename": "./data/profile-fichier.txt",
            "id": "87eadbf6ae13a9ec04d63ed55c5a7f1b6ad41329",
            "sensitive_content": null,
            "source": null
          },
          "sensitive_attributes": [],
          "private": "bnVsbA=="
        }
      ]
    },
    {
      "mode": "managed",
      "type": "random_pet",
      "name": "randomName",
      "provider": "provider[\"registry.terraform.io/hashicorp/random\"]",
      "instances": [
        {
          "schema_version": 0,
          "attributes": {
            "id": "possibly-miserably-formerly-gradually-yearly-basically-welcomed-shepherd",
            "keepers": null,
            "length": 8,
            "prefix": null,
            "separator": "-"
          },
          "sensitive_attributes": [],
          "private": "bnVsbA=="
        }
      ]
    }
  ]
}
